
Microsoft Visual Studio Solution File, Format Version 12.00
# Visual Studio Version 16
VisualStudioVersion = 16.0.32413.511
MinimumVisualStudioVersion = 10.0.40219.1
Project("{F184B08F-C81C-45F6-A57F-5ABD9991F28F}") = "SistemaEstudio", "SistemaEstudio.vbproj", "{316D414E-58B2-49D5-B109-11A00040AA08}"
EndProject
Global
	GlobalSection(SolutionConfigurationPlatforms) = preSolution
		Debug|Any CPU = Debug|Any CPU
		Release|Any CPU = Release|Any CPU
	EndGlobalSection
	GlobalSection(ProjectConfigurationPlatforms) = postSolution
		{316D414E-58B2-49D5-B109-11A00040AA08}.Debug|Any CPU.ActiveCfg = Debug|Any CPU
		{316D414E-58B2-49D5-B109-11A00040AA08}.Debug|Any CPU.Build.0 = Debug|Any CPU
		{316D414E-58B2-49D5-B109-11A00040AA08}.Release|Any CPU.ActiveCfg = Release|Any CPU
		{316D414E-58B2-49D5-B109-11A00040AA08}.Release|Any CPU.Build.0 = Release|Any CPU
	EndGlobalSection
	GlobalSection(SolutionProperties) = preSolution
		HideSolutionNode = FALSE
	EndGlobalSection
	GlobalSection(ExtensibilityGlobals) = postSolution
		SolutionGuid = {8E6A500E-C2D7-4039-9D73-66EB07F49E75}
	EndGlobalSection
EndGlobal
